
Microsoft Visual Studio Solution File, Format Version 12.00
# Visual Studio Version 16
VisualStudioVersion = 16.0.30717.126
MinimumVisualStudioVersion = 10.0.40219.1
Project("{FAE04EC0-301F-11D3-BF4B-00C04F79EFBC}") = "TP_JEUX", "TP_JEUX\TP_JEUX.csproj", "{4D72A9DA-218D-4134-98DA-0085CFC4622A}"
EndProject
Global
	GlobalSection(SolutionConfigurationPlatforms) = preSolution
		Debug|Any CPU = Debug|Any CPU
		Release|Any CPU = Release|Any CPU
	EndGlobalSection
	GlobalSection(ProjectConfigurationPlatforms) = postSolution
		{4D72A9DA-218D-4134-98DA-0085CFC4622A}.Debug|Any CPU.ActiveCfg = Debug|Any CPU
		{4D72A9DA-218D-4134-98DA-0085CFC4622A}.Debug|Any CPU.Build.0 = Debug|Any CPU
		{4D72A9DA-218D-4134-98DA-0085CFC4622A}.Release|Any CPU.ActiveCfg = Release|Any CPU
		{4D72A9DA-218D-4134-98DA-0085CFC4622A}.Release|Any CPU.Build.0 = Release|Any CPU
	EndGlobalSection
	GlobalSection(SolutionProperties) = preSolution
		HideSolutionNode = FALSE
	EndGlobalSection
	GlobalSection(ExtensibilityGlobals) = postSolution
		SolutionGuid = {4D5BD2B4-1B37-4A22-9593-1F5B6F454C9F}
	EndGlobalSection
EndGlobal
